// !$*UTF8*$!
{
	archiveVersion = 1;
	classes = {
	};
	objectVersion = 50;
	objects = {

/* Begin PBXBuildFile section */
		7CC228B5208F0CAB00E71D0E /* AppDelegate.m in Sources */ = {isa = PBXBuildFile; fileRef = 7CC228B4208F0CAB00E71D0E /* AppDelegate.m */; };
		7CC228B8208F0CAB00E71D0E /* ViewController.m in Sources */ = {isa = PBXBuildFile; fileRef = 7CC228B7208F0CAB00E71D0E /* ViewController.m */; };
		7CC228BB208F0CAB00E71D0E /* Main.storyboard in Resources */ = {isa = PBXBuildFile; fileRef = 7CC228B9208F0CAB00E71D0E /* Main.storyboard */; };
		7CC228BD208F0CAB00E71D0E /* Assets.xcassets in Resources */ = {isa = PBXBuildFile; fileRef = 7CC228BC208F0CAB00E71D0E /* Assets.xcassets */; };
		7CC228C0208F0CAB00E71D0E /* LaunchScreen.storyboard in Resources */ = {isa = PBXBuildFile; fileRef = 7CC228BE208F0CAB00E71D0E /* LaunchScreen.storyboard */; };
		7CC228C3208F0CAB00E71D0E /* main.m in Sources */ = {isa = PBXBuildFile; fileRef = 7CC228C2208F0CAB00E71D0E /* main.m */; };
		7CC228CD208F0CAC00E71D0E /* ZZAMainProjectTests.m in Sources */ = {isa = PBXBuildFile; fileRef = 7CC228CC208F0CAC00E71D0E /* ZZAMainProjectTests.m */; };
		7CC228D9208F0CE800E71D0E /* AViewController.m in Sources */ = {isa = PBXBuildFile; fileRef = 7CC228D8208F0CE800E71D0E /* AViewController.m */; };
/* End PBXBuildFile section */

/* Begin PBXContainerItemProxy section */
		7CC228C9208F0CAC00E71D0E /* PBXContainerItemProxy */ = {
			isa = PBXContainerItemProxy;
			containerPortal = 7CC228A8208F0CAB00E71D0E /* Project object */;
			proxyType = 1;
			remoteGlobalIDString = 7CC228AF208F0CAB00E71D0E;
			remoteInfo = ZZAMainProject;
		};
/* End PBXContainerItemProxy section */

/* Begin PBXFileReference section */
		7CC228B0208F0CAB00E71D0E /* ZZAMainProject.app */ = {isa = PBXFileReference; explicitFileType = wrapper.application; includeInIndex = 0; path = ZZAMainProject.app; sourceTree = BUILT_PRODUCTS_DIR; };
		7CC228B3208F0CAB00E71D0E /* AppDelegate.h */ = {isa = PBXFileReference; lastKnownFileType = sourcecode.c.h; path = AppDelegate.h; sourceTree = "<group>"; };
		7CC228B4208F0CAB00E71D0E /* AppDelegate.m */ = {isa = PBXFileReference; lastKnownFileType = sourcecode.c.objc; path = AppDelegate.m; sourceTree = "<group>"; };
		7CC228B6208F0CAB00E71D0E /* ViewController.h */ = {isa = PBXFileReference; lastKnownFileType = sourcecode.c.h; path = ViewController.h; sourceTree = "<group>"; };
		7CC228B7208F0CAB00E71D0E /* ViewController.m */ = {isa = PBXFileReference; lastKnownFileType = sourcecode.c.objc; path = ViewController.m; sourceTree = "<group>"; };
		7CC228BA208F0CAB00E71D0E /* Base */ = {isa = PBXFileReference; lastKnownFileType = file.storyboard; name = Base; path = Base.lproj/Main.storyboard; sourceTree = "<group>"; };
		7CC228BC208F0CAB00E71D0E /* Assets.xcassets */ = {isa = PBXFileReference; lastKnownFileType = folder.assetcatalog; path = Assets.xcassets; sourceTree = "<group>"; };
		7CC228BF208F0CAB00E71D0E /* Base */ = {isa = PBXFileReference; lastKnownFileType = file.storyboard; name = Base; path = Base.lproj/LaunchScreen.storyboard; sourceTree = "<group>"; };
		7CC228C1208F0CAB00E71D0E /* Info.plist */ = {isa = PBXFileReference; lastKnownFileType = text.plist.xml; path = Info.plist; sourceTree = "<group>"; };
		7CC228C2208F0CAB00E71D0E /* main.m */ = {isa = PBXFileReference; lastKnownFileType = sourcecode.c.objc; path = main.m; sourceTree = "<group>"; };
		7CC228C8208F0CAC00E71D0E /* ZZAMainProjectTests.xctest */ = {isa = PBXFileReference; explicitFileType = wrapper.cfbundle; includeInIndex = 0; path = ZZAMainProjectTests.xctest; sourceTree = BUILT_PRODUCTS_DIR; };
		7CC228CC208F0CAC00E71D0E /* ZZAMainProjectTests.m */ = {isa = PBXFileReference; lastKnownFileType = sourcecode.c.objc; path = ZZAMainProjectTests.m; sourceTree = "<group>"; };
		7CC228CE208F0CAC00E71D0E /* Info.plist */ = {isa = PBXFileReference; lastKnownFileType = text.plist.xml; path = Info.plist; sourceTree = "<group>"; };
		7CC228D7208F0CE800E71D0E /* AViewController.h */ = {isa = PBXFileReference; lastKnownFileType = sourcecode.c.h; path = AViewController.h; sourceTree = "<group>"; };
		7CC228D8208F0CE800E71D0E /* AViewController.m */ = {isa = PBXFileReference; lastKnownFileType = sourcecode.c.objc; path = AViewController.m; sourceTree = "<group>"; };
/* End PBXFileReference section */

/* Begin PBXFrameworksBuildPhase section */
		7CC228AD208F0CAB00E71D0E /* Frameworks */ = {
			isa = PBXFrameworksBuildPhase;
			buildActionMask = 2147483647;
			files = (
			);
			runOnlyForDeploymentPostprocessing = 0;
		};
		7CC228C5208F0CAC00E71D0E /* Frameworks */ = {
			isa = PBXFrameworksBuildPhase;
			buildActionMask = 2147483647;
			files = (
			);
			runOnlyForDeploymentPostprocessing = 0;
		};
/* End PBXFrameworksBuildPhase section */

/* Begin PBXGroup section */
		7CC228A7208F0CAB00E71D0E = {
			isa = PBXGroup;
			children = (
				7CC228B2208F0CAB00E71D0E /* ZZAMainProject */,
				7CC228CB208F0CAC00E71D0E /* ZZAMainProjectTests */,
				7CC228B1208F0CAB00E71D0E /* Products */,
			);
			sourceTree = "<group>";
		};
		7CC228B1208F0CAB00E71D0E /* Products */ = {
			isa = PBXGroup;
			children = (
				7CC228B0208F0CAB00E71D0E /* ZZAMainProject.app */,
				7CC228C8208F0CAC00E71D0E /* ZZAMainProjectTests.xctest */,
			);
			name = Products;
			sourceTree = "<group>";
		};
		7CC228B2208F0CAB00E71D0E /* ZZAMainProject */ = {
			isa = PBXGroup;
			children = (
				7CC228B3208F0CAB00E71D0E /* AppDelegate.h */,
				7CC228B4208F0CAB00E71D0E /* AppDelegate.m */,
				7CC228B6208F0CAB00E71D0E /* ViewController.h */,
				7CC228B7208F0CAB00E71D0E /* ViewController.m */,
				7CC228D7208F0CE800E71D0E /* AViewController.h */,
				7CC228D8208F0CE800E71D0E /* AViewController.m */,
				7CC228B9208F0CAB00E71D0E /* Main.storyboard */,
				7CC228BC208F0CAB00E71D0E /* Assets.xcassets */,
				7CC228BE208F0CAB00E71D0E /* LaunchScreen.storyboard */,
				7CC228C1208F0CAB00E71D0E /* Info.plist */,
				7CC228C2208F0CAB00E71D0E /* main.m */,
			);
			path = ZZAMainProject;
			sourceTree = "<group>";
		};
		7CC228CB208F0CAC00E71D0E /* ZZAMainProjectTests */ = {
			isa = PBXGroup;
			children = (
				7CC228CC208F0CAC00E71D0E /* ZZAMainProjectTests.m */,
				7CC228CE208F0CAC00E71D0E /* Info.plist */,
			);
			path = ZZAMainProjectTests;
			sourceTree = "<group>";
		};
/* End PBXGroup section */

/* Begin PBXNativeTarget section */
		7CC228AF208F0CAB00E71D0E /* ZZAMainProject */ = {
			isa = PBXNativeTarget;
			buildConfigurationList = 7CC228D1208F0CAC00E71D0E /* Build configuration list for PBXNativeTarget "ZZAMainProject" */;
			buildPhases = (
				7CC228AC208F0CAB00E71D0E /* Sources */,
				7CC228AD208F0CAB00E71D0E /* Frameworks */,
				7CC228AE208F0CAB00E71D0E /* Resources */,
			);
			buildRules = (
			);
			dependencies = (
			);
			name = ZZAMainProject;
			productName = ZZAMainProject;
			productReference = 7CC228B0208F0CAB00E71D0E /* ZZAMainProject.app */;
			productType = "com.apple.product-type.application";
		};
		7CC228C7208F0CAC00E71D0E /* ZZAMainProjectTests */ = {
			isa = PBXNativeTarget;
			buildConfigurationList = 7CC228D4208F0CAC00E71D0E /* Build configuration list for PBXNativeTarget "ZZAMainProjectTests" */;
			buildPhases = (
				7CC228C4208F0CAC00E71D0E /* Sources */,
				7CC228C5208F0CAC00E71D0E /* Frameworks */,
				7CC228C6208F0CAC00E71D0E /* Resources */,
			);
			buildRules = (
			);
			dependencies = (
				7CC228CA208F0CAC00E71D0E /* PBXTargetDependency */,
			);
			name = ZZAMainProjectTests;
			productName = ZZAMainProjectTests;
			productReference = 7CC228C8208F0CAC00E71D0E /* ZZAMainProjectTests.xctest */;
			productType = "com.apple.product-type.bundle.unit-test";
		};
/* End PBXNativeTarget section */

/* Begin PBXProject section */
		7CC228A8208F0CAB00E71D0E /* Project object */ = {
			isa = PBXProject;
			attributes = {
				LastUpgradeCheck = 0930;
				ORGANIZATIONNAME = zs;
				TargetAttributes = {
					7CC228AF208F0CAB00E71D0E = {
						CreatedOnToolsVersion = 9.3;
					};
					7CC228C7208F0CAC00E71D0E = {
						CreatedOnToolsVersion = 9.3;
						TestTargetID = 7CC228AF208F0CAB00E71D0E;
					};
				};
			};
			buildConfigurationList = 7CC228AB208F0CAB00E71D0E /* Build configuration list for PBXProject "ZZAMainProject" */;
			compatibilityVersion = "Xcode 9.3";
			developmentRegion = en;
			hasScannedForEncodings = 0;
			knownRegions = (
				en,
				Base,
			);
			mainGroup = 7CC228A7208F0CAB00E71D0E;
			productRefGroup = 7CC228B1208F0CAB00E71D0E /* Products */;
			projectDirPath = "";
			projectRoot = "";
			targets = (
				7CC228AF208F0CAB00E71D0E /* ZZAMainProject */,
				7CC228C7208F0CAC00E71D0E /* ZZAMainProjectTests */,
			);
		};
/* End PBXProject section */

/* Begin PBXResourcesBuildPhase section */
		7CC228AE208F0CAB00E71D0E /* Resources */ = {
			isa = PBXResourcesBuildPhase;
			buildActionMask = 2147483647;
			files = (
				7CC228C0208F0CAB00E71D0E /* LaunchScreen.storyboard in Resources */,
				7CC228BD208F0CAB00E71D0E /* Assets.xcassets in Resources */,
				7CC228BB208F0CAB00E71D0E /* Main.storyboard in Resources */,
			);
			runOnlyForDeploymentPostprocessing = 0;
		};
		7CC228C6208F0CAC00E71D0E /* Resources */ = {
			isa = PBXResourcesBuildPhase;
			buildActionMask = 2147483647;
			files = (
			);
			runOnlyForDeploymentPostprocessing = 0;
		};
/* End PBXResourcesBuildPhase section */

/* Begin PBXSourcesBuildPhase section */
		7CC228AC208F0CAB00E71D0E /* Sources */ = {
			isa = PBXSourcesBuildPhase;
			buildActionMask = 2147483647;
			files = (
				7CC228D9208F0CE800E71D0E /* AViewController.m in Sources */,
				7CC228B8208F0CAB00E71D0E /* ViewController.m in Sources */,
				7CC228C3208F0CAB00E71D0E /* main.m in Sources */,
				7CC228B5208F0CAB00E71D0E /* AppDelegate.m in Sources */,
			);
			runOnlyForDeploymentPostprocessing = 0;
		};
		7CC228C4208F0CAC00E71D0E /* Sources */ = {
			isa = PBXSourcesBuildPhase;
			buildActionMask = 2147483647;
			files = (
				7CC228CD208F0CAC00E71D0E /* ZZAMainProjectTests.m in Sources */,
			);
			runOnlyForDeploymentPostprocessing = 0;
		};
/* End PBXSourcesBuildPhase section */

/* Begin PBXTargetDependency section */
		7CC228CA208F0CAC00E71D0E /* PBXTargetDependency */ = {
			isa = PBXTargetDependency;
			target = 7CC228AF208F0CAB00E71D0E /* ZZAMainProject */;
			targetProxy = 7CC228C9208F0CAC00E71D0E /* PBXContainerItemProxy */;
		};
/* End PBXTargetDependency section */

/* Begin PBXVariantGroup section */
		7CC228B9208F0CAB00E71D0E /* Main.storyboard */ = {
			isa = PBXVariantGroup;
			children = (
				7CC228BA208F0CAB00E71D0E /* Base */,
			);
			name = Main.storyboard;
			sourceTree = "<group>";
		};
		7CC228BE208F0CAB00E71D0E /* LaunchScreen.storyboard */ = {
			isa = PBXVariantGroup;
			children = (
				7CC228BF208F0CAB00E71D0E /* Base */,
			);
			name = LaunchScreen.storyboard;
			sourceTree = "<group>";
		};
/* End PBXVariantGroup section */

/* Begin XCBuildConfiguration section */
		7CC228CF208F0CAC00E71D0E /* Debug */ = {
			isa = XCBuildConfiguration;
			buildSettings = {
				ALWAYS_SEARCH_USER_PATHS = NO;
				CLANG_ANALYZER_NONNULL = YES;
				CLANG_ANALYZER_NUMBER_OBJECT_CONVERSION = YES_AGGRESSIVE;
				CLANG_CXX_LANGUAGE_STANDARD = "gnu++14";
				CLANG_CXX_LIBRARY = "libc++";
				CLANG_ENABLE_MODULES = YES;
				CLANG_ENABLE_OBJC_ARC = YES;
				CLANG_ENABLE_OBJC_WEAK = YES;
				CLANG_WARN_BLOCK_CAPTURE_AUTORELEASING = YES;
				CLANG_WARN_BOOL_CONVERSION = YES;
				CLANG_WARN_COMMA = YES;
				CLANG_WARN_CONSTANT_CONVERSION = YES;
				CLANG_WARN_DEPRECATED_OBJC_IMPLEMENTATIONS = YES;
				CLANG_WARN_DIRECT_OBJC_ISA_USAGE = YES_ERROR;
				CLANG_WARN_DOCUMENTATION_COMMENTS = YES;
				CLANG_WARN_EMPTY_BODY = YES;
				CLANG_WARN_ENUM_CONVERSION = YES;
				CLANG_WARN_INFINITE_RECURSION = YES;
				CLANG_WARN_INT_CONVERSION = YES;
				CLANG_WARN_NON_LITERAL_NULL_CONVERSION = YES;
				CLANG_WARN_OBJC_IMPLICIT_RETAIN_SELF = YES;
				CLANG_WARN_OBJC_LITERAL_CONVERSION = YES;
				CLANG_WARN_OBJC_ROOT_CLASS = YES_ERROR;
				CLANG_WARN_RANGE_LOOP_ANALYSIS = YES;
				CLANG_WARN_STRICT_PROTOTYPES = YES;
				CLANG_WARN_SUSPICIOUS_MOVE = YES;
				CLANG_WARN_UNGUARDED_AVAILABILITY = YES_AGGRESSIVE;
				CLANG_WARN_UNREACHABLE_CODE = YES;
				CLANG_WARN__DUPLICATE_METHOD_MATCH = YES;
				CODE_SIGN_IDENTITY = "iPhone Developer";
				COPY_PHASE_STRIP = NO;
				DEBUG_INFORMATION_FORMAT = dwarf;
				ENABLE_STRICT_OBJC_MSGSEND = YES;
				ENABLE_TESTABILITY = YES;
				GCC_C_LANGUAGE_STANDARD = gnu11;
				GCC_DYNAMIC_NO_PIC = NO;
				GCC_NO_COMMON_BLOCKS = YES;
				GCC_OPTIMIZATION_LEVEL = 0;
				GCC_PREPROCESSOR_DEFINITIONS = (
					"DEBUG=1",
					"$(inherited)",
				);
				GCC_WARN_64_TO_32_BIT_CONVERSION = YES;
				GCC_WARN_ABOUT_RETURN_TYPE = YES_ERROR;
				GCC_WARN_UNDECLARED_SELECTOR = YES;
				GCC_WARN_UNINITIALIZED_AUTOS = YES_AGGRESSIVE;
				GCC_WARN_UNUSED_FUNCTION = YES;
				GCC_WARN_UNUSED_VARIABLE = YES;
				IPHONEOS_DEPLOYMENT_TARGET = 11.3;
				MTL_ENABLE_DEBUG_INFO = YES;
				ONLY_ACTIVE_ARCH = YES;
				SDKROOT = iphoneos;
			};
			name = Debug;
		};
		7CC228D0208F0CAC00E71D0E /* Release */ = {
			isa = XCBuildConfiguration;
			buildSettings = {
				ALWAYS_SEARCH_USER_PATHS = NO;
				CLANG_ANALYZER_NONNULL = YES;
				CLANG_ANALYZER_NUMBER_OBJECT_CONVERSION = YES_AGGRESSIVE;
				CLANG_CXX_LANGUAGE_STANDARD = "gnu++14";
				CLANG_CXX_LIBRARY = "libc++";
				CLANG_ENABLE_MODULES = YES;
				CLANG_ENABLE_OBJC_ARC = YES;
				CLANG_ENABLE_OBJC_WEAK = YES;
				CLANG_WARN_BLOCK_CAPTURE_AUTORELEASING = YES;
				CLANG_WARN_BOOL_CONVERSION = YES;
				CLANG_WARN_COMMA = YES;
				CLANG_WARN_CONSTANT_CONVERSION = YES;
				CLANG_WARN_DEPRECATED_OBJC_IMPLEMENTATIONS = YES;
				CLANG_WARN_DIRECT_OBJC_ISA_USAGE = YES_ERROR;
				CLANG_WARN_DOCUMENTATION_COMMENTS = YES;
				CLANG_WARN_EMPTY_BODY = YES;
				CLANG_WARN_ENUM_CONVERSION = YES;
				CLANG_WARN_INFINITE_RECURSION = YES;
				CLANG_WARN_INT_CONVERSION = YES;
				CLANG_WARN_NON_LITERAL_NULL_CONVERSION = YES;
				CLANG_WARN_OBJC_IMPLICIT_RETAIN_SELF = YES;
				CLANG_WARN_OBJC_LITERAL_CONVERSION = YES;
				CLANG_WARN_OBJC_ROOT_CLASS = YES_ERROR;
				CLANG_WARN_RANGE_LOOP_ANALYSIS = YES;
				CLANG_WARN_STRICT_PROTOTYPES = YES;
				CLANG_WARN_SUSPICIOUS_MOVE = YES;
				CLANG_WARN_UNGUARDED_AVAILABILITY = YES_AGGRESSIVE;
				CLANG_WARN_UNREACHABLE_CODE = YES;
				CLANG_WARN__DUPLICATE_METHOD_MATCH = YES;
				CODE_SIGN_IDENTITY = "iPhone Developer";
				COPY_PHASE_STRIP = NO;
				DEBUG_INFORMATION_FORMAT = "dwarf-with-dsym";
				ENABLE_NS_ASSERTIONS = NO;
				ENABLE_STRICT_OBJC_MSGSEND = YES;
				GCC_C_LANGUAGE_STANDARD = gnu11;
				GCC_NO_COMMON_BLOCKS = YES;
				GCC_WARN_64_TO_32_BIT_CONVERSION = YES;
				GCC_WARN_ABOUT_RETURN_TYPE = YES_ERROR;
				GCC_WARN_UNDECLARED_SELECTOR = YES;
				GCC_WARN_UNINITIALIZED_AUTOS = YES_AGGRESSIVE;
				GCC_WARN_UNUSED_FUNCTION = YES;
				GCC_WARN_UNUSED_VARIABLE = YES;
				IPHONEOS_DEPLOYMENT_TARGET = 11.3;
				MTL_ENABLE_DEBUG_INFO = NO;
				SDKROOT = iphoneos;
				VALIDATE_PRODUCT = YES;
			};
			name = Release;
		};
		7CC228D2208F0CAC00E71D0E /* Debug */ = {
			isa = XCBuildConfiguration;
			buildSettings = {
				ASSETCATALOG_COMPILER_APPICON_NAME = AppIcon;
				CODE_SIGN_STYLE = Automatic;
				DEVELOPMENT_TEAM = C2VXEKM35Z;
				INFOPLIST_FILE = ZZAMainProject/Info.plist;
				LD_RUNPATH_SEARCH_PATHS = (
					"$(inherited)",
					"@executable_path/Frameworks",
				);
				PRODUCT_BUNDLE_IDENTIFIER = com.zs.omg.ZZAMainProject;
				PRODUCT_NAME = "$(TARGET_NAME)";
				TARGETED_DEVICE_FAMILY = "1,2";
			};
			name = Debug;
		};
		7CC228D3208F0CAC00E71D0E /* Release */ = {
			isa = XCBuildConfiguration;
			buildSettings = {
				ASSETCATALOG_COMPILER_APPICON_NAME = AppIcon;
				CODE_SIGN_STYLE = Automatic;
				DEVELOPMENT_TEAM = C2VXEKM35Z;
				INFOPLIST_FILE = ZZAMainProject/Info.plist;
				LD_RUNPATH_SEARCH_PATHS = (
					"$(inherited)",
					"@executable_path/Frameworks",
				);
				PRODUCT_BUNDLE_IDENTIFIER = com.zs.omg.ZZAMainProject;
				PRODUCT_NAME = "$(TARGET_NAME)";
				TARGETED_DEVICE_FAMILY = "1,2";
			};
			name = Release;
		};
		7CC228D5208F0CAC00E71D0E /* Debug */ = {
			isa = XCBuildConfiguration;
			buildSettings = {
				BUNDLE_LOADER = "$(TEST_HOST)";
				CODE_SIGN_STYLE = Automatic;
				DEVELOPMENT_TEAM = C2VXEKM35Z;
				INFOPLIST_FILE = ZZAMainProjectTests/Info.plist;
				LD_RUNPATH_SEARCH_PATHS = (
					"$(inherited)",
					"@executable_path/Frameworks",
					"@loader_path/Frameworks",
				);
				PRODUCT_BUNDLE_IDENTIFIER = com.zs.omg.ZZAMainProjectTests;
				PRODUCT_NAME = "$(TARGET_NAME)";
				TARGETED_DEVICE_FAMILY = "1,2";
				TEST_HOST = "$(BUILT_PRODUCTS_DIR)/ZZAMainProject.app/ZZAMainProject";
			};
			name = Debug;
		};
		7CC228D6208F0CAC00E71D0E /* Release */ = {
			isa = XCBuildConfiguration;
			buildSettings = {
				BUNDLE_LOADER = "$(TEST_HOST)";
				CODE_SIGN_STYLE = Automatic;
				DEVELOPMENT_TEAM = C2VXEKM35Z;
				INFOPLIST_FILE = ZZAMainProjectTests/Info.plist;
				LD_RUNPATH_SEARCH_PATHS = (
					"$(inherited)",
					"@executable_path/Frameworks",
					"@loader_path/Frameworks",
				);
				PRODUCT_BUNDLE_IDENTIFIER = com.zs.omg.ZZAMainProjectTests;
				PRODUCT_NAME = "$(TARGET_NAME)";
				TARGETED_DEVICE_FAMILY = "1,2";
				TEST_HOST = "$(BUILT_PRODUCTS_DIR)/ZZAMainProject.app/ZZAMainProject";
			};
			name = Release;
		};
/* End XCBuildConfiguration section */

/* Begin XCConfigurationList section */
		7CC228AB208F0CAB00E71D0E /* Build configuration list for PBXProject "ZZAMainProject" */ = {
			isa = XCConfigurationList;
			buildConfigurations = (
				7CC228CF208F0CAC00E71D0E /* Debug */,
				7CC228D0208F0CAC00E71D0E /* Release */,
			);
			defaultConfigurationIsVisible = 0;
			defaultConfigurationName = Release;
		};
		7CC228D1208F0CAC00E71D0E /* Build configuration list for PBXNativeTarget "ZZAMainProject" */ = {
			isa = XCConfigurationList;
			buildConfigurations = (
				7CC228D2208F0CAC00E71D0E /* Debug */,
				7CC228D3208F0CAC00E71D0E /* Release */,
			);
			defaultConfigurationIsVisible = 0;
			defaultConfigurationName = Release;
		};
		7CC228D4208F0CAC00E71D0E /* Build configuration list for PBXNativeTarget "ZZAMainProjectTests" */ = {
			isa = XCConfigurationList;
			buildConfigurations = (
				7CC228D5208F0CAC00E71D0E /* Debug */,
				7CC228D6208F0CAC00E71D0E /* Release */,
			);
			defaultConfigurationIsVisible = 0;
			defaultConfigurationName = Release;
		};
/* End XCConfigurationList section */
	};
	rootObject = 7CC228A8208F0CAB00E71D0E /* Project object */;
}
